// !$*UTF8*$!
{
	archiveVersion = 1;
	classes = {
	};
	objectVersion = 50;
	objects = {

/* Begin PBXBuildFile section */
		17DD78CE216716E5002A7A64 /* PauseScreenViewController.swift in Sources */ = {isa = PBXBuildFile; fileRef = 17DD78CD216716E5002A7A64 /* PauseScreenViewController.swift */; };
		B5B73DB62166A01C00F0FDC1 /* AppDelegate.swift in Sources */ = {isa = PBXBuildFile; fileRef = B5B73DB52166A01C00F0FDC1 /* AppDelegate.swift */; };
		B5B73DB82166A01C00F0FDC1 /* ViewController.swift in Sources */ = {isa = PBXBuildFile; fileRef = B5B73DB72166A01C00F0FDC1 /* ViewController.swift */; };
		B5B73DBB2166A01C00F0FDC1 /* Main.storyboard in Resources */ = {isa = PBXBuildFile; fileRef = B5B73DB92166A01C00F0FDC1 /* Main.storyboard */; };
		B5B73DBD2166A01E00F0FDC1 /* Assets.xcassets in Resources */ = {isa = PBXBuildFile; fileRef = B5B73DBC2166A01E00F0FDC1 /* Assets.xcassets */; };
		B5B73DC02166A01F00F0FDC1 /* LaunchScreen.storyboard in Resources */ = {isa = PBXBuildFile; fileRef = B5B73DBE2166A01F00F0FDC1 /* LaunchScreen.storyboard */; };
		B5B73DCB2166A01F00F0FDC1 /* Tile_GameTests.swift in Sources */ = {isa = PBXBuildFile; fileRef = B5B73DCA2166A01F00F0FDC1 /* Tile_GameTests.swift */; };
		B5B73DD62166A01F00F0FDC1 /* Tile_GameUITests.swift in Sources */ = {isa = PBXBuildFile; fileRef = B5B73DD52166A01F00F0FDC1 /* Tile_GameUITests.swift */; };
		B5B73DE42167107300F0FDC1 /* EndScreenViewController.swift in Sources */ = {isa = PBXBuildFile; fileRef = B5B73DE32167107300F0FDC1 /* EndScreenViewController.swift */; };
		B5B8738F218248C30046E8A4 /* UnpausedViewController.swift in Sources */ = {isa = PBXBuildFile; fileRef = B5B8738E218248C30046E8A4 /* UnpausedViewController.swift */; };
		B5DD1F4521798F39000E1BEA /* GameOverViewController.swift in Sources */ = {isa = PBXBuildFile; fileRef = B5DD1F4421798F39000E1BEA /* GameOverViewController.swift */; };
/* End PBXBuildFile section */

/* Begin PBXContainerItemProxy section */
		B5B73DC72166A01F00F0FDC1 /* PBXContainerItemProxy */ = {
			isa = PBXContainerItemProxy;
			containerPortal = B5B73DAA2166A01C00F0FDC1 /* Project object */;
			proxyType = 1;
			remoteGlobalIDString = B5B73DB12166A01C00F0FDC1;
			remoteInfo = "Tile Game";
		};
		B5B73DD22166A01F00F0FDC1 /* PBXContainerItemProxy */ = {
			isa = PBXContainerItemProxy;
			containerPortal = B5B73DAA2166A01C00F0FDC1 /* Project object */;
			proxyType = 1;
			remoteGlobalIDString = B5B73DB12166A01C00F0FDC1;
			remoteInfo = "Tile Game";
		};
/* End PBXContainerItemProxy section */

/* Begin PBXFileReference section */
		17DD78CD216716E5002A7A64 /* PauseScreenViewController.swift */ = {isa = PBXFileReference; lastKnownFileType = sourcecode.swift; path = PauseScreenViewController.swift; sourceTree = "<group>"; };
		B5B73DB22166A01C00F0FDC1 /* Tile Game.app */ = {isa = PBXFileReference; explicitFileType = wrapper.application; includeInIndex = 0; path = "Tile Game.app"; sourceTree = BUILT_PRODUCTS_DIR; };
		B5B73DB52166A01C00F0FDC1 /* AppDelegate.swift */ = {isa = PBXFileReference; lastKnownFileType = sourcecode.swift; path = AppDelegate.swift; sourceTree = "<group>"; };
		B5B73DB72166A01C00F0FDC1 /* ViewController.swift */ = {isa = PBXFileReference; lastKnownFileType = sourcecode.swift; path = ViewController.swift; sourceTree = "<group>"; };
		B5B73DBA2166A01C00F0FDC1 /* Base */ = {isa = PBXFileReference; lastKnownFileType = file.storyboard; name = Base; path = Base.lproj/Main.storyboard; sourceTree = "<group>"; };
		B5B73DBC2166A01E00F0FDC1 /* Assets.xcassets */ = {isa = PBXFileReference; lastKnownFileType = folder.assetcatalog; path = Assets.xcassets; sourceTree = "<group>"; };
		B5B73DBF2166A01F00F0FDC1 /* Base */ = {isa = PBXFileReference; lastKnownFileType = file.storyboard; name = Base; path = Base.lproj/LaunchScreen.storyboard; sourceTree = "<group>"; };
		B5B73DC12166A01F00F0FDC1 /* Info.plist */ = {isa = PBXFileReference; lastKnownFileType = text.plist.xml; path = Info.plist; sourceTree = "<group>"; };
		B5B73DC62166A01F00F0FDC1 /* Tile GameTests.xctest */ = {isa = PBXFileReference; explicitFileType = wrapper.cfbundle; includeInIndex = 0; path = "Tile GameTests.xctest"; sourceTree = BUILT_PRODUCTS_DIR; };
		B5B73DCA2166A01F00F0FDC1 /* Tile_GameTests.swift */ = {isa = PBXFileReference; lastKnownFileType = sourcecode.swift; path = Tile_GameTests.swift; sourceTree = "<group>"; };
		B5B73DCC2166A01F00F0FDC1 /* Info.plist */ = {isa = PBXFileReference; lastKnownFileType = text.plist.xml; path = Info.plist; sourceTree = "<group>"; };
		B5B73DD12166A01F00F0FDC1 /* Tile GameUITests.xctest */ = {isa = PBXFileReference; explicitFileType = wrapper.cfbundle; includeInIndex = 0; path = "Tile GameUITests.xctest"; sourceTree = BUILT_PRODUCTS_DIR; };
		B5B73DD52166A01F00F0FDC1 /* Tile_GameUITests.swift */ = {isa = PBXFileReference; lastKnownFileType = sourcecode.swift; path = Tile_GameUITests.swift; sourceTree = "<group>"; };
		B5B73DD72166A01F00F0FDC1 /* Info.plist */ = {isa = PBXFileReference; lastKnownFileType = text.plist.xml; path = Info.plist; sourceTree = "<group>"; };
		B5B73DE32167107300F0FDC1 /* EndScreenViewController.swift */ = {isa = PBXFileReference; lastKnownFileType = sourcecode.swift; path = EndScreenViewController.swift; sourceTree = "<group>"; };
		B5B8738E218248C30046E8A4 /* UnpausedViewController.swift */ = {isa = PBXFileReference; lastKnownFileType = sourcecode.swift; path = UnpausedViewController.swift; sourceTree = "<group>"; };
		B5DD1F4421798F39000E1BEA /* GameOverViewController.swift */ = {isa = PBXFileReference; lastKnownFileType = sourcecode.swift; path = GameOverViewController.swift; sourceTree = "<group>"; };
/* End PBXFileReference section */

/* Begin PBXFrameworksBuildPhase section */
		B5B73DAF2166A01C00F0FDC1 /* Frameworks */ = {
			isa = PBXFrameworksBuildPhase;
			buildActionMask = 2147483647;
			files = (
			);
			runOnlyForDeploymentPostprocessing = 0;
		};
		B5B73DC32166A01F00F0FDC1 /* Frameworks */ = {
			isa = PBXFrameworksBuildPhase;
			buildActionMask = 2147483647;
			files = (
			);
			runOnlyForDeploymentPostprocessing = 0;
		};
		B5B73DCE2166A01F00F0FDC1 /* Frameworks */ = {
			isa = PBXFrameworksBuildPhase;
			buildActionMask = 2147483647;
			files = (
			);
			runOnlyForDeploymentPostprocessing = 0;
		};
/* End PBXFrameworksBuildPhase section */

/* Begin PBXGroup section */
		B5B73DA92166A01C00F0FDC1 = {
			isa = PBXGroup;
			children = (
				B5B73DB42166A01C00F0FDC1 /* Tile Game */,
				B5B73DC92166A01F00F0FDC1 /* Tile GameTests */,
				B5B73DD42166A01F00F0FDC1 /* Tile GameUITests */,
				B5B73DB32166A01C00F0FDC1 /* Products */,
			);
			sourceTree = "<group>";
		};
		B5B73DB32166A01C00F0FDC1 /* Products */ = {
			isa = PBXGroup;
			children = (
				B5B73DB22166A01C00F0FDC1 /* Tile Game.app */,
				B5B73DC62166A01F00F0FDC1 /* Tile GameTests.xctest */,
				B5B73DD12166A01F00F0FDC1 /* Tile GameUITests.xctest */,
			);
			name = Products;
			sourceTree = "<group>";
		};
		B5B73DB42166A01C00F0FDC1 /* Tile Game */ = {
			isa = PBXGroup;
			children = (
				B5B73DB52166A01C00F0FDC1 /* AppDelegate.swift */,
				B5B73DB72166A01C00F0FDC1 /* ViewController.swift */,
				B5B73DB92166A01C00F0FDC1 /* Main.storyboard */,
				B5B8738E218248C30046E8A4 /* UnpausedViewController.swift */,
				B5DD1F4421798F39000E1BEA /* GameOverViewController.swift */,
				17DD78CD216716E5002A7A64 /* PauseScreenViewController.swift */,
				B5B73DE32167107300F0FDC1 /* EndScreenViewController.swift */,
				B5B73DBC2166A01E00F0FDC1 /* Assets.xcassets */,
				B5B73DBE2166A01F00F0FDC1 /* LaunchScreen.storyboard */,
				B5B73DC12166A01F00F0FDC1 /* Info.plist */,
			);
			path = "Tile Game";
			sourceTree = "<group>";
		};
		B5B73DC92166A01F00F0FDC1 /* Tile GameTests */ = {
			isa = PBXGroup;
			children = (
				B5B73DCA2166A01F00F0FDC1 /* Tile_GameTests.swift */,
				B5B73DCC2166A01F00F0FDC1 /* Info.plist */,
			);
			path = "Tile GameTests";
			sourceTree = "<group>";
		};
		B5B73DD42166A01F00F0FDC1 /* Tile GameUITests */ = {
			isa = PBXGroup;
			children = (
				B5B73DD52166A01F00F0FDC1 /* Tile_GameUITests.swift */,
				B5B73DD72166A01F00F0FDC1 /* Info.plist */,
			);
			path = "Tile GameUITests";
			sourceTree = "<group>";
		};
/* End PBXGroup section */

/* Begin PBXNativeTarget section */
		B5B73DB12166A01C00F0FDC1 /* Tile Game */ = {
			isa = PBXNativeTarget;
			buildConfigurationList = B5B73DDA2166A01F00F0FDC1 /* Build configuration list for PBXNativeTarget "Tile Game" */;
			buildPhases = (
				B5B73DAE2166A01C00F0FDC1 /* Sources */,
				B5B73DAF2166A01C00F0FDC1 /* Frameworks */,
				B5B73DB02166A01C00F0FDC1 /* Resources */,
			);
			buildRules = (
			);
			dependencies = (
			);
			name = "Tile Game";
			productName = "Tile Game";
			productReference = B5B73DB22166A01C00F0FDC1 /* Tile Game.app */;
			productType = "com.apple.product-type.application";
		};
		B5B73DC52166A01F00F0FDC1 /* Tile GameTests */ = {
			isa = PBXNativeTarget;
			buildConfigurationList = B5B73DDD2166A01F00F0FDC1 /* Build configuration list for PBXNativeTarget "Tile GameTests" */;
			buildPhases = (
				B5B73DC22166A01F00F0FDC1 /* Sources */,
				B5B73DC32166A01F00F0FDC1 /* Frameworks */,
				B5B73DC42166A01F00F0FDC1 /* Resources */,
			);
			buildRules = (
			);
			dependencies = (
				B5B73DC82166A01F00F0FDC1 /* PBXTargetDependency */,
			);
			name = "Tile GameTests";
			productName = "Tile GameTests";
			productReference = B5B73DC62166A01F00F0FDC1 /* Tile GameTests.xctest */;
			productType = "com.apple.product-type.bundle.unit-test";
		};
		B5B73DD02166A01F00F0FDC1 /* Tile GameUITests */ = {
			isa = PBXNativeTarget;
			buildConfigurationList = B5B73DE02166A01F00F0FDC1 /* Build configuration list for PBXNativeTarget "Tile GameUITests" */;
			buildPhases = (
				B5B73DCD2166A01F00F0FDC1 /* Sources */,
				B5B73DCE2166A01F00F0FDC1 /* Frameworks */,
				B5B73DCF2166A01F00F0FDC1 /* Resources */,
			);
			buildRules = (
			);
			dependencies = (
				B5B73DD32166A01F00F0FDC1 /* PBXTargetDependency */,
			);
			name = "Tile GameUITests";
			productName = "Tile GameUITests";
			productReference = B5B73DD12166A01F00F0FDC1 /* Tile GameUITests.xctest */;
			productType = "com.apple.product-type.bundle.ui-testing";
		};
/* End PBXNativeTarget section */

/* Begin PBXProject section */
		B5B73DAA2166A01C00F0FDC1 /* Project object */ = {
			isa = PBXProject;
			attributes = {
				LastSwiftUpdateCheck = 1000;
				LastUpgradeCheck = 1000;
				ORGANIZATIONNAME = Codeology;
				TargetAttributes = {
					B5B73DB12166A01C00F0FDC1 = {
						CreatedOnToolsVersion = 10.0;
					};
					B5B73DC52166A01F00F0FDC1 = {
						CreatedOnToolsVersion = 10.0;
						TestTargetID = B5B73DB12166A01C00F0FDC1;
					};
					B5B73DD02166A01F00F0FDC1 = {
						CreatedOnToolsVersion = 10.0;
						TestTargetID = B5B73DB12166A01C00F0FDC1;
					};
				};
			};
			buildConfigurationList = B5B73DAD2166A01C00F0FDC1 /* Build configuration list for PBXProject "Tile Game" */;
			compatibilityVersion = "Xcode 9.3";
			developmentRegion = en;
			hasScannedForEncodings = 0;
			knownRegions = (
				en,
				Base,
			);
			mainGroup = B5B73DA92166A01C00F0FDC1;
			productRefGroup = B5B73DB32166A01C00F0FDC1 /* Products */;
			projectDirPath = "";
			projectRoot = "";
			targets = (
				B5B73DB12166A01C00F0FDC1 /* Tile Game */,
				B5B73DC52166A01F00F0FDC1 /* Tile GameTests */,
				B5B73DD02166A01F00F0FDC1 /* Tile GameUITests */,
			);
		};
/* End PBXProject section */

/* Begin PBXResourcesBuildPhase section */
		B5B73DB02166A01C00F0FDC1 /* Resources */ = {
			isa = PBXResourcesBuildPhase;
			buildActionMask = 2147483647;
			files = (
				B5B73DC02166A01F00F0FDC1 /* LaunchScreen.storyboard in Resources */,
				B5B73DBD2166A01E00F0FDC1 /* Assets.xcassets in Resources */,
				B5B73DBB2166A01C00F0FDC1 /* Main.storyboard in Resources */,
			);
			runOnlyForDeploymentPostprocessing = 0;
		};
		B5B73DC42166A01F00F0FDC1 /* Resources */ = {
			isa = PBXResourcesBuildPhase;
			buildActionMask = 2147483647;
			files = (
			);
			runOnlyForDeploymentPostprocessing = 0;
		};
		B5B73DCF2166A01F00F0FDC1 /* Resources */ = {
			isa = PBXResourcesBuildPhase;
			buildActionMask = 2147483647;
			files = (
			);
			runOnlyForDeploymentPostprocessing = 0;
		};
/* End PBXResourcesBuildPhase section */

/* Begin PBXSourcesBuildPhase section */
		B5B73DAE2166A01C00F0FDC1 /* Sources */ = {
			isa = PBXSourcesBuildPhase;
			buildActionMask = 2147483647;
			files = (
				B5B73DB82166A01C00F0FDC1 /* ViewController.swift in Sources */,
				B5B8738F218248C30046E8A4 /* UnpausedViewController.swift in Sources */,
				B5B73DE42167107300F0FDC1 /* EndScreenViewController.swift in Sources */,
				B5B73DB62166A01C00F0FDC1 /* AppDelegate.swift in Sources */,
				17DD78CE216716E5002A7A64 /* PauseScreenViewController.swift in Sources */,
				B5DD1F4521798F39000E1BEA /* GameOverViewController.swift in Sources */,
			);
			runOnlyForDeploymentPostprocessing = 0;
		};
		B5B73DC22166A01F00F0FDC1 /* Sources */ = {
			isa = PBXSourcesBuildPhase;
			buildActionMask = 2147483647;
			files = (
				B5B73DCB2166A01F00F0FDC1 /* Tile_GameTests.swift in Sources */,
			);
			runOnlyForDeploymentPostprocessing = 0;
		};
		B5B73DCD2166A01F00F0FDC1 /* Sources */ = {
			isa = PBXSourcesBuildPhase;
			buildActionMask = 2147483647;
			files = (
				B5B73DD62166A01F00F0FDC1 /* Tile_GameUITests.swift in Sources */,
			);
			runOnlyForDeploymentPostprocessing = 0;
		};
/* End PBXSourcesBuildPhase section */

/* Begin PBXTargetDependency section */
		B5B73DC82166A01F00F0FDC1 /* PBXTargetDependency */ = {
			isa = PBXTargetDependency;
			target = B5B73DB12166A01C00F0FDC1 /* Tile Game */;
			targetProxy = B5B73DC72166A01F00F0FDC1 /* PBXContainerItemProxy */;
		};
		B5B73DD32166A01F00F0FDC1 /* PBXTargetDependency */ = {
			isa = PBXTargetDependency;
			target = B5B73DB12166A01C00F0FDC1 /* Tile Game */;
			targetProxy = B5B73DD22166A01F00F0FDC1 /* PBXContainerItemProxy */;
		};
/* End PBXTargetDependency section */

/* Begin PBXVariantGroup section */
		B5B73DB92166A01C00F0FDC1 /* Main.storyboard */ = {
			isa = PBXVariantGroup;
			children = (
				B5B73DBA2166A01C00F0FDC1 /* Base */,
			);
			name = Main.storyboard;
			sourceTree = "<group>";
		};
		B5B73DBE2166A01F00F0FDC1 /* LaunchScreen.storyboard */ = {
			isa = PBXVariantGroup;
			children = (
				B5B73DBF2166A01F00F0FDC1 /* Base */,
			);
			name = LaunchScreen.storyboard;
			sourceTree = "<group>";
		};
/* End PBXVariantGroup section */

/* Begin XCBuildConfiguration section */
		B5B73DD82166A01F00F0FDC1 /* Debug */ = {
			isa = XCBuildConfiguration;
			buildSettings = {
				ALWAYS_SEARCH_USER_PATHS = NO;
				CLANG_ANALYZER_NONNULL = YES;
				CLANG_ANALYZER_NUMBER_OBJECT_CONVERSION = YES_AGGRESSIVE;
				CLANG_CXX_LANGUAGE_STANDARD = "gnu++14";
				CLANG_CXX_LIBRARY = "libc++";
				CLANG_ENABLE_MODULES = YES;
				CLANG_ENABLE_OBJC_ARC = YES;
				CLANG_ENABLE_OBJC_WEAK = YES;
				CLANG_WARN_BLOCK_CAPTURE_AUTORELEASING = YES;
				CLANG_WARN_BOOL_CONVERSION = YES;
				CLANG_WARN_COMMA = YES;
				CLANG_WARN_CONSTANT_CONVERSION = YES;
				CLANG_WARN_DEPRECATED_OBJC_IMPLEMENTATIONS = YES;
				CLANG_WARN_DIRECT_OBJC_ISA_USAGE = YES_ERROR;
				CLANG_WARN_DOCUMENTATION_COMMENTS = YES;
				CLANG_WARN_EMPTY_BODY = YES;
				CLANG_WARN_ENUM_CONVERSION = YES;
				CLANG_WARN_INFINITE_RECURSION = YES;
				CLANG_WARN_INT_CONVERSION = YES;
				CLANG_WARN_NON_LITERAL_NULL_CONVERSION = YES;
				CLANG_WARN_OBJC_IMPLICIT_RETAIN_SELF = YES;
				CLANG_WARN_OBJC_LITERAL_CONVERSION = YES;
				CLANG_WARN_OBJC_ROOT_CLASS = YES_ERROR;
				CLANG_WARN_RANGE_LOOP_ANALYSIS = YES;
				CLANG_WARN_STRICT_PROTOTYPES = YES;
				CLANG_WARN_SUSPICIOUS_MOVE = YES;
				CLANG_WARN_UNGUARDED_AVAILABILITY = YES_AGGRESSIVE;
				CLANG_WARN_UNREACHABLE_CODE = YES;
				CLANG_WARN__DUPLICATE_METHOD_MATCH = YES;
				CODE_SIGN_IDENTITY = "iPhone Developer";
				COPY_PHASE_STRIP = NO;
				DEBUG_INFORMATION_FORMAT = dwarf;
				ENABLE_STRICT_OBJC_MSGSEND = YES;
				ENABLE_TESTABILITY = YES;
				GCC_C_LANGUAGE_STANDARD = gnu11;
				GCC_DYNAMIC_NO_PIC = NO;
				GCC_NO_COMMON_BLOCKS = YES;
				GCC_OPTIMIZATION_LEVEL = 0;
				GCC_PREPROCESSOR_DEFINITIONS = (
					"DEBUG=1",
					"$(inherited)",
				);
				GCC_WARN_64_TO_32_BIT_CONVERSION = YES;
				GCC_WARN_ABOUT_RETURN_TYPE = YES_ERROR;
				GCC_WARN_UNDECLARED_SELECTOR = YES;
				GCC_WARN_UNINITIALIZED_AUTOS = YES_AGGRESSIVE;
				GCC_WARN_UNUSED_FUNCTION = YES;
				GCC_WARN_UNUSED_VARIABLE = YES;
				IPHONEOS_DEPLOYMENT_TARGET = 12.0;
				MTL_ENABLE_DEBUG_INFO = INCLUDE_SOURCE;
				MTL_FAST_MATH = YES;
				ONLY_ACTIVE_ARCH = YES;
				SDKROOT = iphoneos;
				SWIFT_ACTIVE_COMPILATION_CONDITIONS = DEBUG;
				SWIFT_OPTIMIZATION_LEVEL = "-Onone";
			};
			name = Debug;
		};
		B5B73DD92166A01F00F0FDC1 /* Release */ = {
			isa = XCBuildConfiguration;
			buildSettings = {
				ALWAYS_SEARCH_USER_PATHS = NO;
				CLANG_ANALYZER_NONNULL = YES;
				CLANG_ANALYZER_NUMBER_OBJECT_CONVERSION = YES_AGGRESSIVE;
				CLANG_CXX_LANGUAGE_STANDARD = "gnu++14";
				CLANG_CXX_LIBRARY = "libc++";
				CLANG_ENABLE_MODULES = YES;
				CLANG_ENABLE_OBJC_ARC = YES;
				CLANG_ENABLE_OBJC_WEAK = YES;
				CLANG_WARN_BLOCK_CAPTURE_AUTORELEASING = YES;
				CLANG_WARN_BOOL_CONVERSION = YES;
				CLANG_WARN_COMMA = YES;
				CLANG_WARN_CONSTANT_CONVERSION = YES;
				CLANG_WARN_DEPRECATED_OBJC_IMPLEMENTATIONS = YES;
				CLANG_WARN_DIRECT_OBJC_ISA_USAGE = YES_ERROR;
				CLANG_WARN_DOCUMENTATION_COMMENTS = YES;
				CLANG_WARN_EMPTY_BODY = YES;
				CLANG_WARN_ENUM_CONVERSION = YES;
				CLANG_WARN_INFINITE_RECURSION = YES;
				CLANG_WARN_INT_CONVERSION = YES;
				CLANG_WARN_NON_LITERAL_NULL_CONVERSION = YES;
				CLANG_WARN_OBJC_IMPLICIT_RETAIN_SELF = YES;
				CLANG_WARN_OBJC_LITERAL_CONVERSION = YES;
				CLANG_WARN_OBJC_ROOT_CLASS = YES_ERROR;
				CLANG_WARN_RANGE_LOOP_ANALYSIS = YES;
				CLANG_WARN_STRICT_PROTOTYPES = YES;
				CLANG_WARN_SUSPICIOUS_MOVE = YES;
				CLANG_WARN_UNGUARDED_AVAILABILITY = YES_AGGRESSIVE;
				CLANG_WARN_UNREACHABLE_CODE = YES;
				CLANG_WARN__DUPLICATE_METHOD_MATCH = YES;
				CODE_SIGN_IDENTITY = "iPhone Developer";
				COPY_PHASE_STRIP = NO;
				DEBUG_INFORMATION_FORMAT = "dwarf-with-dsym";
				ENABLE_NS_ASSERTIONS = NO;
				ENABLE_STRICT_OBJC_MSGSEND = YES;
				GCC_C_LANGUAGE_STANDARD = gnu11;
				GCC_NO_COMMON_BLOCKS = YES;
				GCC_WARN_64_TO_32_BIT_CONVERSION = YES;
				GCC_WARN_ABOUT_RETURN_TYPE = YES_ERROR;
				GCC_WARN_UNDECLARED_SELECTOR = YES;
				GCC_WARN_UNINITIALIZED_AUTOS = YES_AGGRESSIVE;
				GCC_WARN_UNUSED_FUNCTION = YES;
				GCC_WARN_UNUSED_VARIABLE = YES;
				IPHONEOS_DEPLOYMENT_TARGET = 12.0;
				MTL_ENABLE_DEBUG_INFO = NO;
				MTL_FAST_MATH = YES;
				SDKROOT = iphoneos;
				SWIFT_COMPILATION_MODE = wholemodule;
				SWIFT_OPTIMIZATION_LEVEL = "-O";
				VALIDATE_PRODUCT = YES;
			};
			name = Release;
		};
		B5B73DDB2166A01F00F0FDC1 /* Debug */ = {
			isa = XCBuildConfiguration;
			buildSettings = {
				ASSETCATALOG_COMPILER_APPICON_NAME = AppIcon;
				CODE_SIGN_STYLE = Automatic;
				DEVELOPMENT_TEAM = 3U58363KUH;
				INFOPLIST_FILE = "Tile Game/Info.plist";
				LD_RUNPATH_SEARCH_PATHS = (
					"$(inherited)",
					"@executable_path/Frameworks",
				);
				PRODUCT_BUNDLE_IDENTIFIER = "Michael.Tile-Game";
				PRODUCT_NAME = "$(TARGET_NAME)";
				SWIFT_VERSION = 4.2;
				TARGETED_DEVICE_FAMILY = "1,2";
			};
			name = Debug;
		};
		B5B73DDC2166A01F00F0FDC1 /* Release */ = {
			isa = XCBuildConfiguration;
			buildSettings = {
				ASSETCATALOG_COMPILER_APPICON_NAME = AppIcon;
				CODE_SIGN_STYLE = Automatic;
				DEVELOPMENT_TEAM = 3U58363KUH;
				INFOPLIST_FILE = "Tile Game/Info.plist";
				LD_RUNPATH_SEARCH_PATHS = (
					"$(inherited)",
					"@executable_path/Frameworks",
				);
				PRODUCT_BUNDLE_IDENTIFIER = "Michael.Tile-Game";
				PRODUCT_NAME = "$(TARGET_NAME)";
				SWIFT_VERSION = 4.2;
				TARGETED_DEVICE_FAMILY = "1,2";
			};
			name = Release;
		};
		B5B73DDE2166A01F00F0FDC1 /* Debug */ = {
			isa = XCBuildConfiguration;
			buildSettings = {
				ALWAYS_EMBED_SWIFT_STANDARD_LIBRARIES = YES;
				BUNDLE_LOADER = "$(TEST_HOST)";
				CODE_SIGN_STYLE = Automatic;
				INFOPLIST_FILE = "Tile GameTests/Info.plist";
				LD_RUNPATH_SEARCH_PATHS = (
					"$(inherited)",
					"@executable_path/Frameworks",
					"@loader_path/Frameworks",
				);
				PRODUCT_BUNDLE_IDENTIFIER = "Haotian.Tile-GameTests";
				PRODUCT_NAME = "$(TARGET_NAME)";
				SWIFT_VERSION = 4.2;
				TARGETED_DEVICE_FAMILY = "1,2";
				TEST_HOST = "$(BUILT_PRODUCTS_DIR)/Tile Game.app/Tile Game";
			};
			name = Debug;
		};
		B5B73DDF2166A01F00F0FDC1 /* Release */ = {
			isa = XCBuildConfiguration;
			buildSettings = {
				ALWAYS_EMBED_SWIFT_STANDARD_LIBRARIES = YES;
				BUNDLE_LOADER = "$(TEST_HOST)";
				CODE_SIGN_STYLE = Automatic;
				INFOPLIST_FILE = "Tile GameTests/Info.plist";
				LD_RUNPATH_SEARCH_PATHS = (
					"$(inherited)",
					"@executable_path/Frameworks",
					"@loader_path/Frameworks",
				);
				PRODUCT_BUNDLE_IDENTIFIER = "Haotian.Tile-GameTests";
				PRODUCT_NAME = "$(TARGET_NAME)";
				SWIFT_VERSION = 4.2;
				TARGETED_DEVICE_FAMILY = "1,2";
				TEST_HOST = "$(BUILT_PRODUCTS_DIR)/Tile Game.app/Tile Game";
			};
			name = Release;
		};
		B5B73DE12166A01F00F0FDC1 /* Debug */ = {
			isa = XCBuildConfiguration;
			buildSettings = {
				ALWAYS_EMBED_SWIFT_STANDARD_LIBRARIES = YES;
				CODE_SIGN_STYLE = Automatic;
				INFOPLIST_FILE = "Tile GameUITests/Info.plist";
				LD_RUNPATH_SEARCH_PATHS = (
					"$(inherited)",
					"@executable_path/Frameworks",
					"@loader_path/Frameworks",
				);
				PRODUCT_BUNDLE_IDENTIFIER = "Haotian.Tile-GameUITests";
				PRODUCT_NAME = "$(TARGET_NAME)";
				SWIFT_VERSION = 4.2;
				TARGETED_DEVICE_FAMILY = "1,2";
				TEST_TARGET_NAME = "Tile Game";
			};
			name = Debug;
		};
		B5B73DE22166A01F00F0FDC1 /* Release */ = {
			isa = XCBuildConfiguration;
			buildSettings = {
				ALWAYS_EMBED_SWIFT_STANDARD_LIBRARIES = YES;
				CODE_SIGN_STYLE = Automatic;
				INFOPLIST_FILE = "Tile GameUITests/Info.plist";
				LD_RUNPATH_SEARCH_PATHS = (
					"$(inherited)",
					"@executable_path/Frameworks",
					"@loader_path/Frameworks",
				);
				PRODUCT_BUNDLE_IDENTIFIER = "Haotian.Tile-GameUITests";
				PRODUCT_NAME = "$(TARGET_NAME)";
				SWIFT_VERSION = 4.2;
				TARGETED_DEVICE_FAMILY = "1,2";
				TEST_TARGET_NAME = "Tile Game";
			};
			name = Release;
		};
/* End XCBuildConfiguration section */

/* Begin XCConfigurationList section */
		B5B73DAD2166A01C00F0FDC1 /* Build configuration list for PBXProject "Tile Game" */ = {
			isa = XCConfigurationList;
			buildConfigurations = (
				B5B73DD82166A01F00F0FDC1 /* Debug */,
				B5B73DD92166A01F00F0FDC1 /* Release */,
			);
			defaultConfigurationIsVisible = 0;
			defaultConfigurationName = Release;
		};
		B5B73DDA2166A01F00F0FDC1 /* Build configuration list for PBXNativeTarget "Tile Game" */ = {
			isa = XCConfigurationList;
			buildConfigurations = (
				B5B73DDB2166A01F00F0FDC1 /* Debug */,
				B5B73DDC2166A01F00F0FDC1 /* Release */,
			);
			defaultConfigurationIsVisible = 0;
			defaultConfigurationName = Release;
		};
		B5B73DDD2166A01F00F0FDC1 /* Build configuration list for PBXNativeTarget "Tile GameTests" */ = {
			isa = XCConfigurationList;
			buildConfigurations = (
				B5B73DDE2166A01F00F0FDC1 /* Debug */,
				B5B73DDF2166A01F00F0FDC1 /* Release */,
			);
			defaultConfigurationIsVisible = 0;
			defaultConfigurationName = Release;
		};
		B5B73DE02166A01F00F0FDC1 /* Build configuration list for PBXNativeTarget "Tile GameUITests" */ = {
			isa = XCConfigurationList;
			buildConfigurations = (
				B5B73DE12166A01F00F0FDC1 /* Debug */,
				B5B73DE22166A01F00F0FDC1 /* Release */,
			);
			defaultConfigurationIsVisible = 0;
			defaultConfigurationName = Release;
		};
/* End XCConfigurationList section */
	};
	rootObject = B5B73DAA2166A01C00F0FDC1 /* Project object */;
}
